
Microsoft Visual Studio Solution File, Format Version 12.00
# Visual Studio Version 16
VisualStudioVersion = 16.0.31313.79
MinimumVisualStudioVersion = 10.0.40219.1
Project("{FAE04EC0-301F-11D3-BF4B-00C04F79EFBC}") = "Kursovaya_rabota", "Kursovaya_rabota\Kursovaya_rabota.csproj", "{B740942B-8DE4-4867-8F32-4560E53E84AF}"
EndProject
Global
	GlobalSection(SolutionConfigurationPlatforms) = preSolution
		Debug|Any CPU = Debug|Any CPU
		Release|Any CPU = Release|Any CPU
	EndGlobalSection
	GlobalSection(ProjectConfigurationPlatforms) = postSolution
		{B740942B-8DE4-4867-8F32-4560E53E84AF}.Debug|Any CPU.ActiveCfg = Debug|Any CPU
		{B740942B-8DE4-4867-8F32-4560E53E84AF}.Debug|Any CPU.Build.0 = Debug|Any CPU
		{B740942B-8DE4-4867-8F32-4560E53E84AF}.Release|Any CPU.ActiveCfg = Release|Any CPU
		{B740942B-8DE4-4867-8F32-4560E53E84AF}.Release|Any CPU.Build.0 = Release|Any CPU
	EndGlobalSection
	GlobalSection(SolutionProperties) = preSolution
		HideSolutionNode = FALSE
	EndGlobalSection
	GlobalSection(ExtensibilityGlobals) = postSolution
		SolutionGuid = {57E264A3-7073-403E-B961-74C2D2D948D4}
	EndGlobalSection
EndGlobal
